
Microsoft Visual Studio Solution File, Format Version 12.00
# Visual Studio 15
VisualStudioVersion = 15.0.27130.2027
MinimumVisualStudioVersion = 10.0.40219.1
Project("{FAE04EC0-301F-11D3-BF4B-00C04F79EFBC}") = "DemoGAB2018Ecuador.Android", "DemoGAB2018Ecuador\DemoGAB2018Ecuador.Android\DemoGAB2018Ecuador.Android.csproj", "{60671A3D-E279-436C-A284-9D35CA8D0C56}"
EndProject
Project("{FAE04EC0-301F-11D3-BF4B-00C04F79EFBC}") = "DemoGAB2018Ecuador.iOS", "DemoGAB2018Ecuador\DemoGAB2018Ecuador.iOS\DemoGAB2018Ecuador.iOS.csproj", "{71C980E5-E065-4CB2-8B6A-6FB99B76D790}"
EndProject
Project("{FAE04EC0-301F-11D3-BF4B-00C04F79EFBC}") = "DemoGAB2018Ecuador.UWP", "DemoGAB2018Ecuador\DemoGAB2018Ecuador.UWP\DemoGAB2018Ecuador.UWP.csproj", "{B079C86F-55D3-465D-8E98-DE8E1E0BEBCE}"
EndProject
Project("{FAE04EC0-301F-11D3-BF4B-00C04F79EFBC}") = "DemoGAB2018Ecuador", "DemoGAB2018Ecuador\DemoGAB2018Ecuador\DemoGAB2018Ecuador.csproj", "{85429DD1-A239-464B-8D8E-53EB856BBC15}"
EndProject
Global
	GlobalSection(SolutionConfigurationPlatforms) = preSolution
		Ad-Hoc|Any CPU = Ad-Hoc|Any CPU
		Ad-Hoc|ARM = Ad-Hoc|ARM
		Ad-Hoc|iPhone = Ad-Hoc|iPhone
		Ad-Hoc|iPhoneSimulator = Ad-Hoc|iPhoneSimulator
		Ad-Hoc|x64 = Ad-Hoc|x64
		Ad-Hoc|x86 = Ad-Hoc|x86
		AppStore|Any CPU = AppStore|Any CPU
		AppStore|ARM = AppStore|ARM
		AppStore|iPhone = AppStore|iPhone
		AppStore|iPhoneSimulator = AppStore|iPhoneSimulator
		AppStore|x64 = AppStore|x64
		AppStore|x86 = AppStore|x86
		Debug|Any CPU = Debug|Any CPU
		Debug|ARM = Debug|ARM
		Debug|iPhone = Debug|iPhone
		Debug|iPhoneSimulator = Debug|iPhoneSimulator
		Debug|x64 = Debug|x64
		Debug|x86 = Debug|x86
		Release|Any CPU = Release|Any CPU
		Release|ARM = Release|ARM
		Release|iPhone = Release|iPhone
		Release|iPhoneSimulator = Release|iPhoneSimulator
		Release|x64 = Release|x64
		Release|x86 = Release|x86
	EndGlobalSection
	GlobalSection(ProjectConfigurationPlatforms) = postSolution
		{60671A3D-E279-436C-A284-9D35CA8D0C56}.Ad-Hoc|Any CPU.ActiveCfg = Release|Any CPU
		{60671A3D-E279-436C-A284-9D35CA8D0C56}.Ad-Hoc|Any CPU.Build.0 = Release|Any CPU
		{60671A3D-E279-436C-A284-9D35CA8D0C56}.Ad-Hoc|Any CPU.Deploy.0 = Release|Any CPU
		{60671A3D-E279-436C-A284-9D35CA8D0C56}.Ad-Hoc|ARM.ActiveCfg = Release|Any CPU
		{60671A3D-E279-436C-A284-9D35CA8D0C56}.Ad-Hoc|ARM.Build.0 = Release|Any CPU
		{60671A3D-E279-436C-A284-9D35CA8D0C56}.Ad-Hoc|ARM.Deploy.0 = Release|Any CPU
		{60671A3D-E279-436C-A284-9D35CA8D0C56}.Ad-Hoc|iPhone.ActiveCfg = Release|Any CPU
		{60671A3D-E279-436C-A284-9D35CA8D0C56}.Ad-Hoc|iPhone.Build.0 = Release|Any CPU
		{60671A3D-E279-436C-A284-9D35CA8D0C56}.Ad-Hoc|iPhone.Deploy.0 = Release|Any CPU
		{60671A3D-E279-436C-A284-9D35CA8D0C56}.Ad-Hoc|iPhoneSimulator.ActiveCfg = Release|Any CPU
		{60671A3D-E279-436C-A284-9D35CA8D0C56}.Ad-Hoc|iPhoneSimulator.Build.0 = Release|Any CPU
		{60671A3D-E279-436C-A284-9D35CA8D0C56}.Ad-Hoc|iPhoneSimulator.Deploy.0 = Release|Any CPU
		{60671A3D-E279-436C-A284-9D35CA8D0C56}.Ad-Hoc|x64.ActiveCfg = Release|Any CPU
		{60671A3D-E279-436C-A284-9D35CA8D0C56}.Ad-Hoc|x64.Build.0 = Release|Any CPU
		{60671A3D-E279-436C-A284-9D35CA8D0C56}.Ad-Hoc|x64.Deploy.0 = Release|Any CPU
		{60671A3D-E279-436C-A284-9D35CA8D0C56}.Ad-Hoc|x86.ActiveCfg = Release|Any CPU
		{60671A3D-E279-436C-A284-9D35CA8D0C56}.Ad-Hoc|x86.Build.0 = Release|Any CPU
		{60671A3D-E279-436C-A284-9D35CA8D0C56}.Ad-Hoc|x86.Deploy.0 = Release|Any CPU
		{60671A3D-E279-436C-A284-9D35CA8D0C56}.AppStore|Any CPU.ActiveCfg = Release|Any CPU
		{60671A3D-E279-436C-A284-9D35CA8D0C56}.AppStore|Any CPU.Build.0 = Release|Any CPU
		{60671A3D-E279-436C-A284-9D35CA8D0C56}.AppStore|Any CPU.Deploy.0 = Release|Any CPU
		{60671A3D-E279-436C-A284-9D35CA8D0C56}.AppStore|ARM.ActiveCfg = Release|Any CPU
		{60671A3D-E279-436C-A284-9D35CA8D0C56}.AppStore|ARM.Build.0 = Release|Any CPU
		{60671A3D-E279-436C-A284-9D35CA8D0C56}.AppStore|ARM.Deploy.0 = Release|Any CPU
		{60671A3D-E279-436C-A284-9D35CA8D0C56}.AppStore|iPhone.ActiveCfg = Release|Any CPU
		{60671A3D-E279-436C-A284-9D35CA8D0C56}.AppStore|iPhone.Build.0 = Release|Any CPU
		{60671A3D-E279-436C-A284-9D35CA8D0C56}.AppStore|iPhone.Deploy.0 = Release|Any CPU
		{60671A3D-E279-436C-A284-9D35CA8D0C56}.AppStore|iPhoneSimulator.ActiveCfg = Release|Any CPU
		{60671A3D-E279-436C-A284-9D35CA8D0C56}.AppStore|iPhoneSimulator.Build.0 = Release|Any CPU
		{60671A3D-E279-436C-A284-9D35CA8D0C56}.AppStore|iPhoneSimulator.Deploy.0 = Release|Any CPU
		{60671A3D-E279-436C-A284-9D35CA8D0C56}.AppStore|x64.ActiveCfg = Release|Any CPU
		{60671A3D-E279-436C-A284-9D35CA8D0C56}.AppStore|x64.Build.0 = Release|Any CPU
		{60671A3D-E279-436C-A284-9D35CA8D0C56}.AppStore|x64.Deploy.0 = Release|Any CPU
		{60671A3D-E279-436C-A284-9D35CA8D0C56}.AppStore|x86.ActiveCfg = Release|Any CPU
		{60671A3D-E279-436C-A284-9D35CA8D0C56}.AppStore|x86.Build.0 = Release|Any CPU
		{60671A3D-E279-436C-A284-9D35CA8D0C56}.AppStore|x86.Deploy.0 = Release|Any CPU
		{60671A3D-E279-436C-A284-9D35CA8D0C56}.Debug|Any CPU.ActiveCfg = Debug|Any CPU
		{60671A3D-E279-436C-A284-9D35CA8D0C56}.Debug|Any CPU.Build.0 = Debug|Any CPU
		{60671A3D-E279-436C-A284-9D35CA8D0C56}.Debug|Any CPU.Deploy.0 = Debug|Any CPU
		{60671A3D-E279-436C-A284-9D35CA8D0C56}.Debug|ARM.ActiveCfg = Debug|Any CPU
		{60671A3D-E279-436C-A284-9D35CA8D0C56}.Debug|ARM.Build.0 = Debug|Any CPU
		{60671A3D-E279-436C-A284-9D35CA8D0C56}.Debug|ARM.Deploy.0 = Debug|Any CPU
		{60671A3D-E279-436C-A284-9D35CA8D0C56}.Debug|iPhone.ActiveCfg = Debug|Any CPU
		{60671A3D-E279-436C-A284-9D35CA8D0C56}.Debug|iPhone.Build.0 = Debug|Any CPU
		{60671A3D-E279-436C-A284-9D35CA8D0C56}.Debug|iPhone.Deploy.0 = Debug|Any CPU
		{60671A3D-E279-436C-A284-9D35CA8D0C56}.Debug|iPhoneSimulator.ActiveCfg = Debug|Any CPU
		{60671A3D-E279-436C-A284-9D35CA8D0C56}.Debug|iPhoneSimulator.Build.0 = Debug|Any CPU
		{60671A3D-E279-436C-A284-9D35CA8D0C56}.Debug|iPhoneSimulator.Deploy.0 = Debug|Any CPU
		{60671A3D-E279-436C-A284-9D35CA8D0C56}.Debug|x64.ActiveCfg = Debug|Any CPU
		{60671A3D-E279-436C-A284-9D35CA8D0C56}.Debug|x64.Build.0 = Debug|Any CPU
		{60671A3D-E279-436C-A284-9D35CA8D0C56}.Debug|x64.Deploy.0 = Debug|Any CPU
		{60671A3D-E279-436C-A284-9D35CA8D0C56}.Debug|x86.ActiveCfg = Debug|Any CPU
		{60671A3D-E279-436C-A284-9D35CA8D0C56}.Debug|x86.Build.0 = Debug|Any CPU
		{60671A3D-E279-436C-A284-9D35CA8D0C56}.Debug|x86.Deploy.0 = Debug|Any CPU
		{60671A3D-E279-436C-A284-9D35CA8D0C56}.Release|Any CPU.ActiveCfg = Release|Any CPU
		{60671A3D-E279-436C-A284-9D35CA8D0C56}.Release|Any CPU.Build.0 = Release|Any CPU
		{60671A3D-E279-436C-A284-9D35CA8D0C56}.Release|Any CPU.Deploy.0 = Release|Any CPU
		{60671A3D-E279-436C-A284-9D35CA8D0C56}.Release|ARM.ActiveCfg = Release|Any CPU
		{60671A3D-E279-436C-A284-9D35CA8D0C56}.Release|ARM.Build.0 = Release|Any CPU
		{60671A3D-E279-436C-A284-9D35CA8D0C56}.Release|ARM.Deploy.0 = Release|Any CPU
		{60671A3D-E279-436C-A284-9D35CA8D0C56}.Release|iPhone.ActiveCfg = Release|Any CPU
		{60671A3D-E279-436C-A284-9D35CA8D0C56}.Release|iPhone.Build.0 = Release|Any CPU
		{60671A3D-E279-436C-A284-9D35CA8D0C56}.Release|iPhone.Deploy.0 = Release|Any CPU
		{60671A3D-E279-436C-A284-9D35CA8D0C56}.Release|iPhoneSimulator.ActiveCfg = Release|Any CPU
		{60671A3D-E279-436C-A284-9D35CA8D0C56}.Release|iPhoneSimulator.Build.0 = Release|Any CPU
		{60671A3D-E279-436C-A284-9D35CA8D0C56}.Release|iPhoneSimulator.Deploy.0 = Release|Any CPU
		{60671A3D-E279-436C-A284-9D35CA8D0C56}.Release|x64.ActiveCfg = Release|Any CPU
		{60671A3D-E279-436C-A284-9D35CA8D0C56}.Release|x64.Build.0 = Release|Any CPU
		{60671A3D-E279-436C-A284-9D35CA8D0C56}.Release|x64.Deploy.0 = Release|Any CPU
		{60671A3D-E279-436C-A284-9D35CA8D0C56}.Release|x86.ActiveCfg = Release|Any CPU
		{60671A3D-E279-436C-A284-9D35CA8D0C56}.Release|x86.Build.0 = Release|Any CPU
		{60671A3D-E279-436C-A284-9D35CA8D0C56}.Release|x86.Deploy.0 = Release|Any CPU
		{71C980E5-E065-4CB2-8B6A-6FB99B76D790}.Ad-Hoc|Any CPU.ActiveCfg = Ad-Hoc|iPhone
		{71C980E5-E065-4CB2-8B6A-6FB99B76D790}.Ad-Hoc|ARM.ActiveCfg = Ad-Hoc|iPhone
		{71C980E5-E065-4CB2-8B6A-6FB99B76D790}.Ad-Hoc|iPhone.ActiveCfg = Ad-Hoc|iPhone
		{71C980E5-E065-4CB2-8B6A-6FB99B76D790}.Ad-Hoc|iPhone.Build.0 = Ad-Hoc|iPhone
		{71C980E5-E065-4CB2-8B6A-6FB99B76D790}.Ad-Hoc|iPhoneSimulator.ActiveCfg = Ad-Hoc|iPhoneSimulator
		{71C980E5-E065-4CB2-8B6A-6FB99B76D790}.Ad-Hoc|iPhoneSimulator.Build.0 = Ad-Hoc|iPhoneSimulator
		{71C980E5-E065-4CB2-8B6A-6FB99B76D790}.Ad-Hoc|x64.ActiveCfg = Ad-Hoc|iPhone
		{71C980E5-E065-4CB2-8B6A-6FB99B76D790}.Ad-Hoc|x86.ActiveCfg = Ad-Hoc|iPhone
		{71C980E5-E065-4CB2-8B6A-6FB99B76D790}.AppStore|Any CPU.ActiveCfg = AppStore|iPhone
		{71C980E5-E065-4CB2-8B6A-6FB99B76D790}.AppStore|ARM.ActiveCfg = AppStore|iPhone
		{71C980E5-E065-4CB2-8B6A-6FB99B76D790}.AppStore|iPhone.ActiveCfg = AppStore|iPhone
		{71C980E5-E065-4CB2-8B6A-6FB99B76D790}.AppStore|iPhone.Build.0 = AppStore|iPhone
		{71C980E5-E065-4CB2-8B6A-6FB99B76D790}.AppStore|iPhoneSimulator.ActiveCfg = AppStore|iPhoneSimulator
		{71C980E5-E065-4CB2-8B6A-6FB99B76D790}.AppStore|iPhoneSimulator.Build.0 = AppStore|iPhoneSimulator
		{71C980E5-E065-4CB2-8B6A-6FB99B76D790}.AppStore|x64.ActiveCfg = AppStore|iPhone
		{71C980E5-E065-4CB2-8B6A-6FB99B76D790}.AppStore|x86.ActiveCfg = AppStore|iPhone
		{71C980E5-E065-4CB2-8B6A-6FB99B76D790}.Debug|Any CPU.ActiveCfg = Debug|iPhone
		{71C980E5-E065-4CB2-8B6A-6FB99B76D790}.Debug|ARM.ActiveCfg = Debug|iPhone
		{71C980E5-E065-4CB2-8B6A-6FB99B76D790}.Debug|iPhone.ActiveCfg = Debug|iPhone
		{71C980E5-E065-4CB2-8B6A-6FB99B76D790}.Debug|iPhone.Build.0 = Debug|iPhone
		{71C980E5-E065-4CB2-8B6A-6FB99B76D790}.Debug|iPhoneSimulator.ActiveCfg = Debug|iPhoneSimulator
		{71C980E5-E065-4CB2-8B6A-6FB99B76D790}.Debug|iPhoneSimulator.Build.0 = Debug|iPhoneSimulator
		{71C980E5-E065-4CB2-8B6A-6FB99B76D790}.Debug|x64.ActiveCfg = Debug|iPhone
		{71C980E5-E065-4CB2-8B6A-6FB99B76D790}.Debug|x86.ActiveCfg = Debug|iPhone
		{71C980E5-E065-4CB2-8B6A-6FB99B76D790}.Release|Any CPU.ActiveCfg = Release|iPhone
		{71C980E5-E065-4CB2-8B6A-6FB99B76D790}.Release|ARM.ActiveCfg = Release|iPhone
		{71C980E5-E065-4CB2-8B6A-6FB99B76D790}.Release|iPhone.ActiveCfg = Release|iPhone
		{71C980E5-E065-4CB2-8B6A-6FB99B76D790}.Release|iPhone.Build.0 = Release|iPhone
		{71C980E5-E065-4CB2-8B6A-6FB99B76D790}.Release|iPhoneSimulator.ActiveCfg = Release|iPhoneSimulator
		{71C980E5-E065-4CB2-8B6A-6FB99B76D790}.Release|iPhoneSimulator.Build.0 = Release|iPhoneSimulator
		{71C980E5-E065-4CB2-8B6A-6FB99B76D790}.Release|x64.ActiveCfg = Release|iPhone
		{71C980E5-E065-4CB2-8B6A-6FB99B76D790}.Release|x86.ActiveCfg = Release|iPhone
		{B079C86F-55D3-465D-8E98-DE8E1E0BEBCE}.Ad-Hoc|Any CPU.ActiveCfg = Release|x86
		{B079C86F-55D3-465D-8E98-DE8E1E0BEBCE}.Ad-Hoc|Any CPU.Build.0 = Release|x86
		{B079C86F-55D3-465D-8E98-DE8E1E0BEBCE}.Ad-Hoc|Any CPU.Deploy.0 = Release|x86
		{B079C86F-55D3-465D-8E98-DE8E1E0BEBCE}.Ad-Hoc|ARM.ActiveCfg = Release|ARM
		{B079C86F-55D3-465D-8E98-DE8E1E0BEBCE}.Ad-Hoc|ARM.Build.0 = Release|ARM
		{B079C86F-55D3-465D-8E98-DE8E1E0BEBCE}.Ad-Hoc|ARM.Deploy.0 = Release|ARM
		{B079C86F-55D3-465D-8E98-DE8E1E0BEBCE}.Ad-Hoc|iPhone.ActiveCfg = Release|x86
		{B079C86F-55D3-465D-8E98-DE8E1E0BEBCE}.Ad-Hoc|iPhone.Build.0 = Release|x86
		{B079C86F-55D3-465D-8E98-DE8E1E0BEBCE}.Ad-Hoc|iPhone.Deploy.0 = Release|x86
		{B079C86F-55D3-465D-8E98-DE8E1E0BEBCE}.Ad-Hoc|iPhoneSimulator.ActiveCfg = Release|x86
		{B079C86F-55D3-465D-8E98-DE8E1E0BEBCE}.Ad-Hoc|iPhoneSimulator.Build.0 = Release|x86
		{B079C86F-55D3-465D-8E98-DE8E1E0BEBCE}.Ad-Hoc|iPhoneSimulator.Deploy.0 = Release|x86
		{B079C86F-55D3-465D-8E98-DE8E1E0BEBCE}.Ad-Hoc|x64.ActiveCfg = Release|x64
		{B079C86F-55D3-465D-8E98-DE8E1E0BEBCE}.Ad-Hoc|x64.Build.0 = Release|x64
		{B079C86F-55D3-465D-8E98-DE8E1E0BEBCE}.Ad-Hoc|x64.Deploy.0 = Release|x64
		{B079C86F-55D3-465D-8E98-DE8E1E0BEBCE}.Ad-Hoc|x86.ActiveCfg = Release|x86
		{B079C86F-55D3-465D-8E98-DE8E1E0BEBCE}.Ad-Hoc|x86.Build.0 = Release|x86
		{B079C86F-55D3-465D-8E98-DE8E1E0BEBCE}.Ad-Hoc|x86.Deploy.0 = Release|x86
		{B079C86F-55D3-465D-8E98-DE8E1E0BEBCE}.AppStore|Any CPU.ActiveCfg = Release|x86
		{B079C86F-55D3-465D-8E98-DE8E1E0BEBCE}.AppStore|Any CPU.Build.0 = Release|x86
		{B079C86F-55D3-465D-8E98-DE8E1E0BEBCE}.AppStore|Any CPU.Deploy.0 = Release|x86
		{B079C86F-55D3-465D-8E98-DE8E1E0BEBCE}.AppStore|ARM.ActiveCfg = Release|ARM
		{B079C86F-55D3-465D-8E98-DE8E1E0BEBCE}.AppStore|ARM.Build.0 = Release|ARM
		{B079C86F-55D3-465D-8E98-DE8E1E0BEBCE}.AppStore|ARM.Deploy.0 = Release|ARM
		{B079C86F-55D3-465D-8E98-DE8E1E0BEBCE}.AppStore|iPhone.ActiveCfg = Release|x86
		{B079C86F-55D3-465D-8E98-DE8E1E0BEBCE}.AppStore|iPhone.Build.0 = Release|x86
		{B079C86F-55D3-465D-8E98-DE8E1E0BEBCE}.AppStore|iPhone.Deploy.0 = Release|x86
		{B079C86F-55D3-465D-8E98-DE8E1E0BEBCE}.AppStore|iPhoneSimulator.ActiveCfg = Release|x86
		{B079C86F-55D3-465D-8E98-DE8E1E0BEBCE}.AppStore|iPhoneSimulator.Build.0 = Release|x86
		{B079C86F-55D3-465D-8E98-DE8E1E0BEBCE}.AppStore|iPhoneSimulator.Deploy.0 = Release|x86
		{B079C86F-55D3-465D-8E98-DE8E1E0BEBCE}.AppStore|x64.ActiveCfg = Release|x64
		{B079C86F-55D3-465D-8E98-DE8E1E0BEBCE}.AppStore|x64.Build.0 = Release|x64
		{B079C86F-55D3-465D-8E98-DE8E1E0BEBCE}.AppStore|x64.Deploy.0 = Release|x64
		{B079C86F-55D3-465D-8E98-DE8E1E0BEBCE}.AppStore|x86.ActiveCfg = Release|x86
		{B079C86F-55D3-465D-8E98-DE8E1E0BEBCE}.AppStore|x86.Build.0 = Release|x86
		{B079C86F-55D3-465D-8E98-DE8E1E0BEBCE}.AppStore|x86.Deploy.0 = Release|x86
		{B079C86F-55D3-465D-8E98-DE8E1E0BEBCE}.Debug|Any CPU.ActiveCfg = Debug|x86
		{B079C86F-55D3-465D-8E98-DE8E1E0BEBCE}.Debug|ARM.ActiveCfg = Debug|ARM
		{B079C86F-55D3-465D-8E98-DE8E1E0BEBCE}.Debug|ARM.Build.0 = Debug|ARM
		{B079C86F-55D3-465D-8E98-DE8E1E0BEBCE}.Debug|ARM.Deploy.0 = Debug|ARM
		{B079C86F-55D3-465D-8E98-DE8E1E0BEBCE}.Debug|iPhone.ActiveCfg = Debug|x86
		{B079C86F-55D3-465D-8E98-DE8E1E0BEBCE}.Debug|iPhoneSimulator.ActiveCfg = Debug|x86
		{B079C86F-55D3-465D-8E98-DE8E1E0BEBCE}.Debug|x64.ActiveCfg = Debug|x64
		{B079C86F-55D3-465D-8E98-DE8E1E0BEBCE}.Debug|x64.Build.0 = Debug|x64
		{B079C86F-55D3-465D-8E98-DE8E1E0BEBCE}.Debug|x64.Deploy.0 = Debug|x64
		{B079C86F-55D3-465D-8E98-DE8E1E0BEBCE}.Debug|x86.ActiveCfg = Debug|x86
		{B079C86F-55D3-465D-8E98-DE8E1E0BEBCE}.Debug|x86.Build.0 = Debug|x86
		{B079C86F-55D3-465D-8E98-DE8E1E0BEBCE}.Debug|x86.Deploy.0 = Debug|x86
		{B079C86F-55D3-465D-8E98-DE8E1E0BEBCE}.Release|Any CPU.ActiveCfg = Release|x86
		{B079C86F-55D3-465D-8E98-DE8E1E0BEBCE}.Release|ARM.ActiveCfg = Release|ARM
		{B079C86F-55D3-465D-8E98-DE8E1E0BEBCE}.Release|ARM.Build.0 = Release|ARM
		{B079C86F-55D3-465D-8E98-DE8E1E0BEBCE}.Release|ARM.Deploy.0 = Release|ARM
		{B079C86F-55D3-465D-8E98-DE8E1E0BEBCE}.Release|iPhone.ActiveCfg = Release|x86
		{B079C86F-55D3-465D-8E98-DE8E1E0BEBCE}.Release|iPhoneSimulator.ActiveCfg = Release|x86
		{B079C86F-55D3-465D-8E98-DE8E1E0BEBCE}.Release|x64.ActiveCfg = Release|x64
		{B079C86F-55D3-465D-8E98-DE8E1E0BEBCE}.Release|x64.Build.0 = Release|x64
		{B079C86F-55D3-465D-8E98-DE8E1E0BEBCE}.Release|x64.Deploy.0 = Release|x64
		{B079C86F-55D3-465D-8E98-DE8E1E0BEBCE}.Release|x86.ActiveCfg = Release|x86
		{B079C86F-55D3-465D-8E98-DE8E1E0BEBCE}.Release|x86.Build.0 = Release|x86
		{B079C86F-55D3-465D-8E98-DE8E1E0BEBCE}.Release|x86.Deploy.0 = Release|x86
		{85429DD1-A239-464B-8D8E-53EB856BBC15}.Ad-Hoc|Any CPU.ActiveCfg = Debug|Any CPU
		{85429DD1-A239-464B-8D8E-53EB856BBC15}.Ad-Hoc|Any CPU.Build.0 = Debug|Any CPU
		{85429DD1-A239-464B-8D8E-53EB856BBC15}.Ad-Hoc|ARM.ActiveCfg = Debug|Any CPU
		{85429DD1-A239-464B-8D8E-53EB856BBC15}.Ad-Hoc|ARM.Build.0 = Debug|Any CPU
		{85429DD1-A239-464B-8D8E-53EB856BBC15}.Ad-Hoc|iPhone.ActiveCfg = Debug|Any CPU
		{85429DD1-A239-464B-8D8E-53EB856BBC15}.Ad-Hoc|iPhone.Build.0 = Debug|Any CPU
		{85429DD1-A239-464B-8D8E-53EB856BBC15}.Ad-Hoc|iPhoneSimulator.ActiveCfg = Debug|Any CPU
		{85429DD1-A239-464B-8D8E-53EB856BBC15}.Ad-Hoc|iPhoneSimulator.Build.0 = Debug|Any CPU
		{85429DD1-A239-464B-8D8E-53EB856BBC15}.Ad-Hoc|x64.ActiveCfg = Debug|Any CPU
		{85429DD1-A239-464B-8D8E-53EB856BBC15}.Ad-Hoc|x64.Build.0 = Debug|Any CPU
		{85429DD1-A239-464B-8D8E-53EB856BBC15}.Ad-Hoc|x86.ActiveCfg = Debug|Any CPU
		{85429DD1-A239-464B-8D8E-53EB856BBC15}.Ad-Hoc|x86.Build.0 = Debug|Any CPU
		{85429DD1-A239-464B-8D8E-53EB856BBC15}.AppStore|Any CPU.ActiveCfg = Debug|Any CPU
		{85429DD1-A239-464B-8D8E-53EB856BBC15}.AppStore|Any CPU.Build.0 = Debug|Any CPU
		{85429DD1-A239-464B-8D8E-53EB856BBC15}.AppStore|ARM.ActiveCfg = Debug|Any CPU
		{85429DD1-A239-464B-8D8E-53EB856BBC15}.AppStore|ARM.Build.0 = Debug|Any CPU
		{85429DD1-A239-464B-8D8E-53EB856BBC15}.AppStore|iPhone.ActiveCfg = Debug|Any CPU
		{85429DD1-A239-464B-8D8E-53EB856BBC15}.AppStore|iPhone.Build.0 = Debug|Any CPU
		{85429DD1-A239-464B-8D8E-53EB856BBC15}.AppStore|iPhoneSimulator.ActiveCfg = Debug|Any CPU
		{85429DD1-A239-464B-8D8E-53EB856BBC15}.AppStore|iPhoneSimulator.Build.0 = Debug|Any CPU
		{85429DD1-A239-464B-8D8E-53EB856BBC15}.AppStore|x64.ActiveCfg = Debug|Any CPU
		{85429DD1-A239-464B-8D8E-53EB856BBC15}.AppStore|x64.Build.0 = Debug|Any CPU
		{85429DD1-A239-464B-8D8E-53EB856BBC15}.AppStore|x86.ActiveCfg = Debug|Any CPU
		{85429DD1-A239-464B-8D8E-53EB856BBC15}.AppStore|x86.Build.0 = Debug|Any CPU
		{85429DD1-A239-464B-8D8E-53EB856BBC15}.Debug|Any CPU.ActiveCfg = Debug|Any CPU
		{85429DD1-A239-464B-8D8E-53EB856BBC15}.Debug|Any CPU.Build.0 = Debug|Any CPU
		{85429DD1-A239-464B-8D8E-53EB856BBC15}.Debug|ARM.ActiveCfg = Debug|Any CPU
		{85429DD1-A239-464B-8D8E-53EB856BBC15}.Debug|ARM.Build.0 = Debug|Any CPU
		{85429DD1-A239-464B-8D8E-53EB856BBC15}.Debug|iPhone.ActiveCfg = Debug|Any CPU
		{85429DD1-A239-464B-8D8E-53EB856BBC15}.Debug|iPhone.Build.0 = Debug|Any CPU
		{85429DD1-A239-464B-8D8E-53EB856BBC15}.Debug|iPhoneSimulator.ActiveCfg = Debug|Any CPU
		{85429DD1-A239-464B-8D8E-53EB856BBC15}.Debug|iPhoneSimulator.Build.0 = Debug|Any CPU
		{85429DD1-A239-464B-8D8E-53EB856BBC15}.Debug|x64.ActiveCfg = Debug|Any CPU
		{85429DD1-A239-464B-8D8E-53EB856BBC15}.Debug|x64.Build.0 = Debug|Any CPU
		{85429DD1-A239-464B-8D8E-53EB856BBC15}.Debug|x86.ActiveCfg = Debug|Any CPU
		{85429DD1-A239-464B-8D8E-53EB856BBC15}.Debug|x86.Build.0 = Debug|Any CPU
		{85429DD1-A239-464B-8D8E-53EB856BBC15}.Release|Any CPU.ActiveCfg = Release|Any CPU
		{85429DD1-A239-464B-8D8E-53EB856BBC15}.Release|Any CPU.Build.0 = Release|Any CPU
		{85429DD1-A239-464B-8D8E-53EB856BBC15}.Release|ARM.ActiveCfg = Release|Any CPU
		{85429DD1-A239-464B-8D8E-53EB856BBC15}.Release|ARM.Build.0 = Release|Any CPU
		{85429DD1-A239-464B-8D8E-53EB856BBC15}.Release|iPhone.ActiveCfg = Release|Any CPU
		{85429DD1-A239-464B-8D8E-53EB856BBC15}.Release|iPhone.Build.0 = Release|Any CPU
		{85429DD1-A239-464B-8D8E-53EB856BBC15}.Release|iPhoneSimulator.ActiveCfg = Release|Any CPU
		{85429DD1-A239-464B-8D8E-53EB856BBC15}.Release|iPhoneSimulator.Build.0 = Release|Any CPU
		{85429DD1-A239-464B-8D8E-53EB856BBC15}.Release|x64.ActiveCfg = Release|Any CPU
		{85429DD1-A239-464B-8D8E-53EB856BBC15}.Release|x64.Build.0 = Release|Any CPU
		{85429DD1-A239-464B-8D8E-53EB856BBC15}.Release|x86.ActiveCfg = Release|Any CPU
		{85429DD1-A239-464B-8D8E-53EB856BBC15}.Release|x86.Build.0 = Release|Any CPU
	EndGlobalSection
	GlobalSection(SolutionProperties) = preSolution
		HideSolutionNode = FALSE
	EndGlobalSection
	GlobalSection(ExtensibilityGlobals) = postSolution
		SolutionGuid = {D4263556-C909-4DCE-8F24-95BA7FC8B99D}
	EndGlobalSection
EndGlobal
